PODS:
  - AFNetworking (4.0.1):
    - AFNetworking/NSURLSession (= 4.0.1)
    - AFNetworking/Reachability (= 4.0.1)
    - AFNetworking/Security (= 4.0.1)
    - AFNetworking/Serialization (= 4.0.1)
    - AFNetworking/UIKit (= 4.0.1)
  - AFNetworking/NSURLSession (4.0.1):
    - AFNetworking/Reachability
    - AFNetworking/Security
    - AFNetworking/Serialization
  - AFNetworking/Reachability (4.0.1)
  - AFNetworking/Security (4.0.1)
  - AFNetworking/Serialization (4.0.1)
  - AFNetworking/UIKit (4.0.1):
    - AFNetworking/NSURLSession
  - AnimatedCollectionViewLayout (1.1.0)
  - ChameleonFramework (2.1.0):
    - ChameleonFramework/Default (= 2.1.0)
  - ChameleonFramework/Default (2.1.0)
  - CTMediator (46)
  - DACircularProgress (2.3.1)
  - DateTools (2.0.0)
  - DGActivityIndicatorView (2.1.1)
  - DoraemonKit (3.1.2):
    - DoraemonKit/Core (= 3.1.2)
  - DoraemonKit/Core (3.1.2):
    - AFNetworking
    - FMDB
    - GCDWebServer
    - GCDWebServer/WebDAV
    - GCDWebServer/WebUploader
  - DZNEmptyDataSet (1.8.1)
  - expanding-collection (3.1.0)
  - FMDB (2.7.5):
    - FMDB/standard (= 2.7.5)
  - FMDB/standard (2.7.5)
  - FSPagerView (0.8.3)
  - GCDWebServer (3.5.4):
    - GCDWebServer/Core (= 3.5.4)
  - GCDWebServer/Core (3.5.4)
  - GCDWebServer/WebDAV (3.5.4):
    - GCDWebServer/Core
  - GCDWebServer/WebUploader (3.5.4):
    - GCDWebServer/Core
  - Hero (1.6.1)
  - HWPanModal (0.9.3)
  - IQKeyboardManager (6.5.10)
  - JVFloatLabeledTextField (1.2.2)
  - JXCategoryView (1.6.0)
  - JZLocationConverter (1.0.0)
  - KVOController (1.2.0)
  - libextobjc (0.6):
    - libextobjc/EXTADT (= 0.6)
    - libextobjc/EXTConcreteProtocol (= 0.6)
    - libextobjc/EXTKeyPathCoding (= 0.6)
    - libextobjc/EXTNil (= 0.6)
    - libextobjc/EXTSafeCategory (= 0.6)
    - libextobjc/EXTScope (= 0.6)
    - libextobjc/EXTSelectorChecking (= 0.6)
    - libextobjc/EXTSynthesize (= 0.6)
    - "libextobjc/NSInvocation+EXT (= 0.6)"
    - "libextobjc/NSMethodSignature+EXT (= 0.6)"
    - libextobjc/RuntimeExtensions (= 0.6)
    - libextobjc/UmbrellaHeader (= 0.6)
  - libextobjc/EXTADT (0.6):
    - libextobjc/RuntimeExtensions
  - libextobjc/EXTConcreteProtocol (0.6):
    - libextobjc/RuntimeExtensions
  - libextobjc/EXTKeyPathCoding (0.6):
    - libextobjc/RuntimeExtensions
  - libextobjc/EXTNil (0.6):
    - libextobjc/RuntimeExtensions
  - libextobjc/EXTSafeCategory (0.6):
    - libextobjc/RuntimeExtensions
  - libextobjc/EXTScope (0.6):
    - libextobjc/RuntimeExtensions
  - libextobjc/EXTSelectorChecking (0.6):
    - libextobjc/RuntimeExtensions
  - libextobjc/EXTSynthesize (0.6):
    - libextobjc/RuntimeExtensions
  - "libextobjc/NSInvocation+EXT (0.6)":
    - libextobjc/RuntimeExtensions
  - "libextobjc/NSMethodSignature+EXT (0.6)":
    - libextobjc/RuntimeExtensions
  - libextobjc/RuntimeExtensions (0.6)
  - libextobjc/UmbrellaHeader (0.6)
  - lottie-ios (3.2.3)
  - MagicalRecord (2.3.2):
    - MagicalRecord/Core (= 2.3.2)
  - MagicalRecord/Core (2.3.2)
  - Mantle (2.2.0):
    - Mantle/extobjc (= 2.2.0)
  - Mantle/extobjc (2.2.0)
  - Masonry (1.1.0)
  - MBProgressHUD (1.2.0)
  - MJRefresh (3.7.5)
  - pop (1.0.12)
  - QMUIKit (4.3.0):
    - QMUIKit/QMUIComponents (= 4.3.0)
    - QMUIKit/QMUICore (= 4.3.0)
    - QMUIKit/QMUILog (= 4.3.0)
    - QMUIKit/QMUIMainFrame (= 4.3.0)
    - QMUIKit/QMUIResources (= 4.3.0)
    - QMUIKit/QMUIWeakObjectContainer (= 4.3.0)
  - QMUIKit/QMUIComponents (4.3.0):
    - QMUIKit/QMUIComponents/NavigationBarTransition (= 4.3.0)
    - QMUIKit/QMUIComponents/QMUIAlertController (= 4.3.0)
    - QMUIKit/QMUIComponents/QMUIAnimation (= 4.3.0)
    - QMUIKit/QMUIComponents/QMUIAppearance (= 4.3.0)
    - QMUIKit/QMUIComponents/QMUIAssetLibrary (= 4.3.0)
    - QMUIKit/QMUIComponents/QMUIBadge (= 4.3.0)
    - QMUIKit/QMUIComponents/QMUIButton (= 4.3.0)
    - QMUIKit/QMUIComponents/QMUICAAnimationExtension (= 4.3.0)
    - QMUIKit/QMUIComponents/QMUICALayerExtension (= 4.3.0)
    - QMUIKit/QMUIComponents/QMUICellHeightCache (= 4.3.0)
    - QMUIKit/QMUIComponents/QMUICellHeightKeyCache (= 4.3.0)
    - QMUIKit/QMUIComponents/QMUICellSizeKeyCache (= 4.3.0)
    - QMUIKit/QMUIComponents/QMUICollectionViewPagingLayout (= 4.3.0)
    - QMUIKit/QMUIComponents/QMUIConsole (= 4.3.0)
    - QMUIKit/QMUIComponents/QMUIDialogViewController (= 4.3.0)
    - QMUIKit/QMUIComponents/QMUIEmotionInputManager (= 4.3.0)
    - QMUIKit/QMUIComponents/QMUIEmotionView (= 4.3.0)
    - QMUIKit/QMUIComponents/QMUIEmptyView (= 4.3.0)
    - QMUIKit/QMUIComponents/QMUIFillButton (= 4.3.0)
    - QMUIKit/QMUIComponents/QMUIFloatLayoutView (= 4.3.0)
    - QMUIKit/QMUIComponents/QMUIGhostButton (= 4.3.0)
    - QMUIKit/QMUIComponents/QMUIGridView (= 4.3.0)
    - QMUIKit/QMUIComponents/QMUIImagePickerLibrary (= 4.3.0)
    - QMUIKit/QMUIComponents/QMUIImagePreviewView (= 4.3.0)
    - QMUIKit/QMUIComponents/QMUIKeyboardManager (= 4.3.0)
    - QMUIKit/QMUIComponents/QMUILabel (= 4.3.0)
    - QMUIKit/QMUIComponents/QMUILogManagerViewController (= 4.3.0)
    - QMUIKit/QMUIComponents/QMUILogWithConfigurationSupported (= 4.3.0)
    - QMUIKit/QMUIComponents/QMUIMarqueeLabel (= 4.3.0)
    - QMUIKit/QMUIComponents/QMUIModalPresentationViewController (= 4.3.0)
    - QMUIKit/QMUIComponents/QMUIMoreOperationController (= 4.3.0)
    - QMUIKit/QMUIComponents/QMUIMultipleDelegates (= 4.3.0)
    - QMUIKit/QMUIComponents/QMUINavigationButton (= 4.3.0)
    - QMUIKit/QMUIComponents/QMUINavigationTitleView (= 4.3.0)
    - QMUIKit/QMUIComponents/QMUIOrderedDictionary (= 4.3.0)
    - QMUIKit/QMUIComponents/QMUIPieProgressView (= 4.3.0)
    - QMUIKit/QMUIComponents/QMUIPopupContainerView (= 4.3.0)
    - QMUIKit/QMUIComponents/QMUIPopupMenuView (= 4.3.0)
    - QMUIKit/QMUIComponents/QMUIScrollAnimator (= 4.3.0)
    - QMUIKit/QMUIComponents/QMUISearchBar (= 4.3.0)
    - QMUIKit/QMUIComponents/QMUISearchController (= 4.3.0)
    - QMUIKit/QMUIComponents/QMUISegmentedControl (= 4.3.0)
    - QMUIKit/QMUIComponents/QMUISlider (= 4.3.0)
    - QMUIKit/QMUIComponents/QMUIStaticTableView (= 4.3.0)
    - QMUIKit/QMUIComponents/QMUITableView (= 4.3.0)
    - QMUIKit/QMUIComponents/QMUITableViewCell (= 4.3.0)
    - QMUIKit/QMUIComponents/QMUITableViewHeaderFooterView (= 4.3.0)
    - QMUIKit/QMUIComponents/QMUITableViewProtocols (= 4.3.0)
    - QMUIKit/QMUIComponents/QMUITestView (= 4.3.0)
    - QMUIKit/QMUIComponents/QMUITextField (= 4.3.0)
    - QMUIKit/QMUIComponents/QMUITextView (= 4.3.0)
    - QMUIKit/QMUIComponents/QMUITheme (= 4.3.0)
    - QMUIKit/QMUIComponents/QMUITips (= 4.3.0)
    - QMUIKit/QMUIComponents/QMUIToastView (= 4.3.0)
    - QMUIKit/QMUIComponents/QMUIToolbarButton (= 4.3.0)
    - QMUIKit/QMUIComponents/QMUIWindowSizeMonitor (= 4.3.0)
    - QMUIKit/QMUIComponents/QMUIZoomImageView (= 4.3.0)
    - QMUIKit/QMUICore
  - QMUIKit/QMUIComponents/NavigationBarTransition (4.3.0):
    - QMUIKit/QMUIComponents/QMUINavigationTitleView
    - QMUIKit/QMUICore
    - QMUIKit/QMUIMainFrame
  - QMUIKit/QMUIComponents/QMUIAlertController (4.3.0):
    - QMUIKit/QMUIComponents/QMUIAppearance
    - QMUIKit/QMUIComponents/QMUIButton
    - QMUIKit/QMUIComponents/QMUIKeyboardManager
    - QMUIKit/QMUIComponents/QMUILabel
    - QMUIKit/QMUIComponents/QMUIModalPresentationViewController
    - QMUIKit/QMUIComponents/QMUITextField
    - QMUIKit/QMUICore
  - QMUIKit/QMUIComponents/QMUIAnimation (4.3.0):
    - QMUIKit/QMUICore
  - QMUIKit/QMUIComponents/QMUIAppearance (4.3.0):
    - QMUIKit/QMUICore
  - QMUIKit/QMUIComponents/QMUIAssetLibrary (4.3.0):
    - QMUIKit/QMUICore
  - QMUIKit/QMUIComponents/QMUIBadge (4.3.0):
    - QMUIKit/QMUIComponents/QMUILabel
    - QMUIKit/QMUICore
  - QMUIKit/QMUIComponents/QMUIButton (4.3.0):
    - QMUIKit/QMUICore
  - QMUIKit/QMUIComponents/QMUICAAnimationExtension (4.3.0):
    - QMUIKit/QMUIComponents/QMUIMultipleDelegates
    - QMUIKit/QMUICore
  - QMUIKit/QMUIComponents/QMUICALayerExtension (4.3.0):
    - QMUIKit/QMUIComponents/QMUIMultipleDelegates
    - QMUIKit/QMUICore
  - QMUIKit/QMUIComponents/QMUICellHeightCache (4.3.0):
    - QMUIKit/QMUIComponents/QMUITableViewProtocols
    - QMUIKit/QMUICore
  - QMUIKit/QMUIComponents/QMUICellHeightKeyCache (4.3.0):
    - QMUIKit/QMUIComponents/QMUIMultipleDelegates
    - QMUIKit/QMUIComponents/QMUITableViewProtocols
    - QMUIKit/QMUICore
  - QMUIKit/QMUIComponents/QMUICellSizeKeyCache (4.3.0):
    - QMUIKit/QMUIComponents/QMUIMultipleDelegates
    - QMUIKit/QMUICore
  - QMUIKit/QMUIComponents/QMUICollectionViewPagingLayout (4.3.0):
    - QMUIKit/QMUICore
  - QMUIKit/QMUIComponents/QMUIConsole (4.3.0):
    - QMUIKit/QMUIComponents/QMUIButton
    - QMUIKit/QMUIComponents/QMUICAAnimationExtension
    - QMUIKit/QMUIComponents/QMUICellHeightKeyCache
    - QMUIKit/QMUIComponents/QMUIPopupMenuView
    - QMUIKit/QMUIComponents/QMUITableView
    - QMUIKit/QMUIComponents/QMUITableViewCell
    - QMUIKit/QMUIComponents/QMUITextField
    - QMUIKit/QMUIComponents/QMUITextView
    - QMUIKit/QMUICore
    - QMUIKit/QMUIResources
  - QMUIKit/QMUIComponents/QMUIDialogViewController (4.3.0):
    - QMUIKit/QMUIComponents/QMUIAppearance
    - QMUIKit/QMUIComponents/QMUIButton
    - QMUIKit/QMUIComponents/QMUILabel
    - QMUIKit/QMUIComponents/QMUIModalPresentationViewController
    - QMUIKit/QMUIComponents/QMUINavigationTitleView
    - QMUIKit/QMUIComponents/QMUITableView
    - QMUIKit/QMUIComponents/QMUITableViewCell
    - QMUIKit/QMUIComponents/QMUITextField
    - QMUIKit/QMUICore
    - QMUIKit/QMUIMainFrame
  - QMUIKit/QMUIComponents/QMUIEmotionInputManager (4.3.0):
    - QMUIKit/QMUIComponents/QMUIEmotionView
    - QMUIKit/QMUICore
  - QMUIKit/QMUIComponents/QMUIEmotionView (4.3.0):
    - QMUIKit/QMUIComponents/QMUIButton
    - QMUIKit/QMUICore
    - QMUIKit/QMUIResources
  - QMUIKit/QMUIComponents/QMUIEmptyView (4.3.0):
    - QMUIKit/QMUIComponents/QMUIAppearance
    - QMUIKit/QMUIComponents/QMUIButton
    - QMUIKit/QMUICore
  - QMUIKit/QMUIComponents/QMUIFillButton (4.3.0):
    - QMUIKit/QMUIComponents/QMUIButton
    - QMUIKit/QMUICore
  - QMUIKit/QMUIComponents/QMUIFloatLayoutView (4.3.0):
    - QMUIKit/QMUICore
  - QMUIKit/QMUIComponents/QMUIGhostButton (4.3.0):
    - QMUIKit/QMUIComponents/QMUIButton
    - QMUIKit/QMUICore
  - QMUIKit/QMUIComponents/QMUIGridView (4.3.0):
    - QMUIKit/QMUICore
  - QMUIKit/QMUIComponents/QMUIImagePickerLibrary (4.3.0):
    - QMUIKit/QMUIComponents/QMUIAlertController
    - QMUIKit/QMUIComponents/QMUIAppearance
    - QMUIKit/QMUIComponents/QMUIAssetLibrary
    - QMUIKit/QMUIComponents/QMUIButton
    - QMUIKit/QMUIComponents/QMUIEmptyView
    - QMUIKit/QMUIComponents/QMUIImagePreviewView
    - QMUIKit/QMUIComponents/QMUINavigationButton
    - QMUIKit/QMUIComponents/QMUITableViewCell
    - QMUIKit/QMUIComponents/QMUIZoomImageView
    - QMUIKit/QMUICore
    - QMUIKit/QMUIMainFrame
    - QMUIKit/QMUIResources
  - QMUIKit/QMUIComponents/QMUIImagePreviewView (4.3.0):
    - QMUIKit/QMUIComponents/QMUIAppearance
    - QMUIKit/QMUIComponents/QMUIButton
    - QMUIKit/QMUIComponents/QMUICollectionViewPagingLayout
    - QMUIKit/QMUIComponents/QMUIEmptyView
    - QMUIKit/QMUIComponents/QMUIPieProgressView
    - QMUIKit/QMUIComponents/QMUIZoomImageView
    - QMUIKit/QMUICore
    - QMUIKit/QMUIMainFrame
  - QMUIKit/QMUIComponents/QMUIKeyboardManager (4.3.0):
    - QMUIKit/QMUIComponents/QMUIAppearance
    - QMUIKit/QMUIComponents/QMUIMultipleDelegates
    - QMUIKit/QMUICore
  - QMUIKit/QMUIComponents/QMUILabel (4.3.0):
    - QMUIKit/QMUICore
  - QMUIKit/QMUIComponents/QMUILogManagerViewController (4.3.0):
    - QMUIKit/QMUIComponents/QMUIPopupMenuView
    - QMUIKit/QMUIComponents/QMUISearchController
    - QMUIKit/QMUIComponents/QMUIStaticTableView
    - QMUIKit/QMUIComponents/QMUITableView
    - QMUIKit/QMUICore
    - QMUIKit/QMUIMainFrame
  - QMUIKit/QMUIComponents/QMUILogWithConfigurationSupported (4.3.0):
    - QMUIKit/QMUICore
  - QMUIKit/QMUIComponents/QMUIMarqueeLabel (4.3.0):
    - QMUIKit/QMUICore
  - QMUIKit/QMUIComponents/QMUIModalPresentationViewController (4.3.0):
    - QMUIKit/QMUIComponents/QMUIAppearance
    - QMUIKit/QMUIComponents/QMUIKeyboardManager
    - QMUIKit/QMUICore
  - QMUIKit/QMUIComponents/QMUIMoreOperationController (4.3.0):
    - QMUIKit/QMUIComponents/QMUIAppearance
    - QMUIKit/QMUIComponents/QMUIButton
    - QMUIKit/QMUIComponents/QMUIModalPresentationViewController
    - QMUIKit/QMUICore
  - QMUIKit/QMUIComponents/QMUIMultipleDelegates (4.3.0):
    - QMUIKit/QMUICore
  - QMUIKit/QMUIComponents/QMUINavigationButton (4.3.0):
    - QMUIKit/QMUICore
    - QMUIKit/QMUIMainFrame
  - QMUIKit/QMUIComponents/QMUINavigationTitleView (4.3.0):
    - QMUIKit/QMUIComponents/QMUIAppearance
    - QMUIKit/QMUIComponents/QMUIButton
    - QMUIKit/QMUICore
  - QMUIKit/QMUIComponents/QMUIOrderedDictionary (4.3.0):
    - QMUIKit/QMUICore
  - QMUIKit/QMUIComponents/QMUIPieProgressView (4.3.0):
    - QMUIKit/QMUICore
  - QMUIKit/QMUIComponents/QMUIPopupContainerView (4.3.0):
    - QMUIKit/QMUIComponents/QMUIAppearance
    - QMUIKit/QMUICore
    - QMUIKit/QMUIMainFrame
  - QMUIKit/QMUIComponents/QMUIPopupMenuView (4.3.0):
    - QMUIKit/QMUIComponents/QMUIButton
    - QMUIKit/QMUIComponents/QMUIPopupContainerView
    - QMUIKit/QMUICore
  - QMUIKit/QMUIComponents/QMUIScrollAnimator (4.3.0):
    - QMUIKit/QMUIComponents/QMUIMultipleDelegates
    - QMUIKit/QMUICore
  - QMUIKit/QMUIComponents/QMUISearchBar (4.3.0):
    - QMUIKit/QMUICore
  - QMUIKit/QMUIComponents/QMUISearchController (4.3.0):
    - QMUIKit/QMUIComponents/QMUIEmptyView
    - QMUIKit/QMUIComponents/QMUISearchBar
    - QMUIKit/QMUICore
    - QMUIKit/QMUIMainFrame
  - QMUIKit/QMUIComponents/QMUISegmentedControl (4.3.0):
    - QMUIKit/QMUICore
  - QMUIKit/QMUIComponents/QMUISlider (4.3.0):
    - QMUIKit/QMUICore
  - QMUIKit/QMUIComponents/QMUIStaticTableView (4.3.0):
    - QMUIKit/QMUIComponents/QMUIMultipleDelegates
    - QMUIKit/QMUIComponents/QMUITableViewCell
    - QMUIKit/QMUICore
  - QMUIKit/QMUIComponents/QMUITableView (4.3.0):
    - QMUIKit/QMUIComponents/QMUITableViewProtocols
    - QMUIKit/QMUICore
  - QMUIKit/QMUIComponents/QMUITableViewCell (4.3.0):
    - QMUIKit/QMUIComponents/QMUIButton
    - QMUIKit/QMUICore
  - QMUIKit/QMUIComponents/QMUITableViewHeaderFooterView (4.3.0):
    - QMUIKit/QMUICore
  - QMUIKit/QMUIComponents/QMUITableViewProtocols (4.3.0):
    - QMUIKit/QMUICore
  - QMUIKit/QMUIComponents/QMUITestView (4.3.0):
    - QMUIKit/QMUICore
  - QMUIKit/QMUIComponents/QMUITextField (4.3.0):
    - QMUIKit/QMUIComponents/QMUIMultipleDelegates
    - QMUIKit/QMUICore
  - QMUIKit/QMUIComponents/QMUITextView (4.3.0):
    - QMUIKit/QMUIComponents/QMUILabel
    - QMUIKit/QMUIComponents/QMUIMultipleDelegates
    - QMUIKit/QMUICore
  - QMUIKit/QMUIComponents/QMUITheme (4.3.0):
    - QMUIKit/QMUIComponents/QMUIAlertController
    - QMUIKit/QMUIComponents/QMUIBadge
    - QMUIKit/QMUIComponents/QMUIButton
    - QMUIKit/QMUIComponents/QMUIConsole
    - QMUIKit/QMUIComponents/QMUIEmotionView
    - QMUIKit/QMUIComponents/QMUIEmptyView
    - QMUIKit/QMUIComponents/QMUIFillButton
    - QMUIKit/QMUIComponents/QMUIGhostButton
    - QMUIKit/QMUIComponents/QMUIGridView
    - QMUIKit/QMUIComponents/QMUIImagePickerLibrary
    - QMUIKit/QMUIComponents/QMUIImagePreviewView
    - QMUIKit/QMUIComponents/QMUILabel
    - QMUIKit/QMUIComponents/QMUIModalPresentationViewController
    - QMUIKit/QMUIComponents/QMUIPopupContainerView
    - QMUIKit/QMUIComponents/QMUIPopupMenuView
    - QMUIKit/QMUIComponents/QMUISlider
    - QMUIKit/QMUIComponents/QMUITextField
    - QMUIKit/QMUIComponents/QMUITextView
    - QMUIKit/QMUIComponents/QMUIToastView
    - QMUIKit/QMUICore
  - QMUIKit/QMUIComponents/QMUITips (4.3.0):
    - QMUIKit/QMUIComponents/QMUIToastView
    - QMUIKit/QMUICore
    - QMUIKit/QMUIResources
  - QMUIKit/QMUIComponents/QMUIToastView (4.3.0):
    - QMUIKit/QMUIComponents/QMUIKeyboardManager
    - QMUIKit/QMUICore
  - QMUIKit/QMUIComponents/QMUIToolbarButton (4.3.0):
    - QMUIKit/QMUICore
  - QMUIKit/QMUIComponents/QMUIWindowSizeMonitor (4.3.0):
    - QMUIKit/QMUICore
  - QMUIKit/QMUIComponents/QMUIZoomImageView (4.3.0):
    - QMUIKit/QMUIComponents/QMUIAssetLibrary
    - QMUIKit/QMUIComponents/QMUIButton
    - QMUIKit/QMUIComponents/QMUIEmptyView
    - QMUIKit/QMUIComponents/QMUIPieProgressView
    - QMUIKit/QMUIComponents/QMUISlider
    - QMUIKit/QMUICore
    - QMUIKit/QMUIResources
  - QMUIKit/QMUICore (4.3.0):
    - QMUIKit/QMUILog
    - QMUIKit/QMUIWeakObjectContainer
  - QMUIKit/QMUILog (4.3.0)
  - QMUIKit/QMUIMainFrame (4.3.0):
    - QMUIKit/QMUIComponents/QMUIEmptyView
    - QMUIKit/QMUIComponents/QMUIKeyboardManager
    - QMUIKit/QMUIComponents/QMUIMultipleDelegates
    - QMUIKit/QMUIComponents/QMUINavigationTitleView
    - QMUIKit/QMUIComponents/QMUITableView
    - QMUIKit/QMUIComponents/QMUITableViewHeaderFooterView
    - QMUIKit/QMUICore
    - QMUIKit/QMUILog
  - QMUIKit/QMUIResources (4.3.0)
  - QMUIKit/QMUIWeakObjectContainer (4.3.0)
  - RESideMenu (4.0.7)
  - RZDataBinding (2.1.1)
  - SDWebImage (5.12.6):
    - SDWebImage/Core (= 5.12.6)
  - SDWebImage/Core (5.12.6)
  - Shimmer (1.0.2)
  - SnapKit (5.6.0)
  - SwiftyJSON (5.0.1)
  - TYAlertController (1.2.0)
  - WZLBadge (1.2.6)
  - YBImageBrowser (3.0.9):
    - YBImageBrowser/Core (= 3.0.9)
  - YBImageBrowser/Core (3.0.9):
    - SDWebImage (>= 5.0.0)
    - YYImage
  - YTKNetwork (3.0.6):
    - AFNetworking/NSURLSession (~> 4.0)
  - YUIArchitectureKit (0.1.8):
    - YUIArchitectureKit/YUIArchitecture (= 0.1.8)
    - YUIArchitectureKit/YUICore (= 0.1.8)
    - YUIArchitectureKit/YUILog (= 0.1.8)
    - YUIArchitectureKit/YUIWeakObjectContainer (= 0.1.8)
  - YUIArchitectureKit/YUIArchitecture (0.1.8):
    - YUIArchitectureKit/YUICore
    - YUIArchitectureKit/YUILog
    - YUIArchitectureKit/YUIWeakObjectContainer
  - YUIArchitectureKit/YUICore (0.1.8):
    - YUIArchitectureKit/YUILog
    - YUIArchitectureKit/YUIWeakObjectContainer
  - YUIArchitectureKit/YUILog (0.1.8)
  - YUIArchitectureKit/YUIWeakObjectContainer (0.1.8)
  - YYImage (1.0.4):
    - YYImage/Core (= 1.0.4)
  - YYImage/Core (1.0.4)
  - YYModel (1.0.4)
  - ZFPlayer (4.0.3):
    - ZFPlayer/Core (= 4.0.3)
  - ZFPlayer/Core (4.0.3)

DEPENDENCIES:
  - AFNetworking
  - AnimatedCollectionViewLayout
  - ChameleonFramework
  - CTMediator
  - DACircularProgress
  - DateTools
  - DGActivityIndicatorView
  - DoraemonKit
  - DZNEmptyDataSet
  - expanding-collection
  - FMDB
  - FSPagerView
  - Hero
  - HWPanModal
  - IQKeyboardManager
  - JVFloatLabeledTextField
  - JXCategoryView
  - JZLocationConverter
  - KVOController
  - libextobjc
  - lottie-ios
  - MagicalRecord
  - Mantle
  - Masonry
  - MBProgressHUD
  - MJRefresh
  - pop
  - QMUIKit
  - RESideMenu
  - RZDataBinding
  - Shimmer
  - SnapKit
  - SwiftyJSON
  - TYAlertController
  - WZLBadge
  - YBImageBrowser
  - YTKNetwork
  - YUIArchitectureKit
  - YYModel
  - ZFPlayer

SPEC REPOS:
  https://github.com/CocoaPods/Specs.git:
    - AFNetworking
    - AnimatedCollectionViewLayout
    - ChameleonFramework
    - CTMediator
    - DACircularProgress
    - DateTools
    - DGActivityIndicatorView
    - DoraemonKit
    - DZNEmptyDataSet
    - expanding-collection
    - FMDB
    - FSPagerView
    - GCDWebServer
    - Hero
    - HWPanModal
    - IQKeyboardManager
    - JVFloatLabeledTextField
    - JXCategoryView
    - JZLocationConverter
    - KVOController
    - libextobjc
    - lottie-ios
    - MagicalRecord
    - Mantle
    - Masonry
    - MBProgressHUD
    - MJRefresh
    - pop
    - QMUIKit
    - RESideMenu
    - RZDataBinding
    - SDWebImage
    - Shimmer
    - SnapKit
    - SwiftyJSON
    - TYAlertController
    - WZLBadge
    - YBImageBrowser
    - YTKNetwork
    - YUIArchitectureKit
    - YYImage
    - YYModel
    - ZFPlayer

SPEC CHECKSUMS:
  AFNetworking: 7864c38297c79aaca1500c33288e429c3451fdce
  AnimatedCollectionViewLayout: 0c1a38c4be115c525c887be183fc91ef65737c5d
  ChameleonFramework: d21a3cc247abfe5e37609a283a8238b03575cf64
  CTMediator: f1cf58d509fb3192086c367711f039efd769b907
  DACircularProgress: 4dd437c0fc3da5161cb289e07ac449493d41db71
  DateTools: 933ac9c490f21f92127cf690ccd8c397e0126caf
  DGActivityIndicatorView: ff2c76073d79692f724863c8dd38685866a03cb6
  DoraemonKit: 0a040ae24386654e2a2d2c8d029f5ff5837de3c3
  DZNEmptyDataSet: 9525833b9e68ac21c30253e1d3d7076cc828eaa7
  expanding-collection: 7eb1fc48c6ec5e00c8887fe46c595c31b81b578a
  FMDB: 2ce00b547f966261cd18927a3ddb07cb6f3db82a
  FSPagerView: 670405b2f18e2a87fa37f20b00de783e562c25a8
  GCDWebServer: 2c156a56c8226e2d5c0c3f208a3621ccffbe3ce4
  Hero: 215865ba3ae41dd9bb08cd6c60a645529c6fc94b
  HWPanModal: abe04993fc45bb875ac4cc4d7aacaea52e0c9715
  IQKeyboardManager: 45a1fa55c1a5b02c61ac0fd7fd5b62bb4ad20d97
  JVFloatLabeledTextField: df48598472ee015701d509f43e59492a0d4ca208
  JXCategoryView: 99c87854c67659f7e2ef1b43079656a46b36b398
  JZLocationConverter: 3d816bee6484aed9c155a6045a02ce444833e2f0
  KVOController: d72ace34afea42468329623b3379ab3cd1d286b6
  libextobjc: aed8b7d2b07f511c1a7ecaacb33ea03e327c69b7
  lottie-ios: c058aeafa76daa4cf64d773554bccc8385d0150e
  MagicalRecord: 53bed74b4323b930992a725be713e53b37d19755
  Mantle: c5aa8794a29a022dfbbfc9799af95f477a69b62d
  Masonry: 678fab65091a9290e40e2832a55e7ab731aad201
  MBProgressHUD: 3ee5efcc380f6a79a7cc9b363dd669c5e1ae7406
  MJRefresh: fdf5e979eb406a0341468932d1dfc8b7f9fce961
  pop: d582054913807fd11fd50bfe6a539d91c7e1a55a
  QMUIKit: 67888be9aa0ee0b12b8a219fcea2eec900afd841
  RESideMenu: f24c508404b49c667344c54aba7e590883533958
  RZDataBinding: 289e2fbdce8b9585afef69def83425c5d380ffbd
  SDWebImage: a47aea9e3d8816015db4e523daff50cfd294499d
  Shimmer: c5374be1c2b0c9e292fb05b339a513cf291cac86
  SnapKit: e01d52ebb8ddbc333eefe2132acf85c8227d9c25
  SwiftyJSON: 2f33a42c6fbc52764d96f13368585094bfd8aa5e
  TYAlertController: c121090edb0bea7426f987da94cdddd81eef4231
  WZLBadge: 9ec779dcfd94c825518b395e8315fccaabff1bfa
  YBImageBrowser: 7ecc8bf33ffa5f3b94c397c29b4f3638dd37f527
  YTKNetwork: c16be90b06be003de9e9cd0d3b187cc8eaf35c04
  YUIArchitectureKit: 34623187e751997b3e24c9c30639c1d4d66f3b8a
  YYImage: 1e1b62a9997399593e4b9c4ecfbbabbf1d3f3b54
  YYModel: 2a7fdd96aaa4b86a824e26d0c517de8928c04b30
  ZFPlayer: 624c92de06eb34df322c3b53b4c9ce760f528f7a

PODFILE CHECKSUM: 83d07c98b84e9be95b2e111fcf03d9a32a2a5908

COCOAPODS: 1.11.3
